PODS:
  - AWSCore (2.4.16)
  - AWSS3 (2.4.16):
    - AWSCore (= 2.4.16)

DEPENDENCIES:
  - AWSS3

SPEC CHECKSUMS:
  AWSCore: 7c3c129991e6387bcbad7132bc3661e7135754db
  AWSS3: fef6aa8f8f625df8f67f1b6574fe761f3a4ddc99

PODFILE CHECKSUM: 7f44bedc3f523ad8254b0af03b44b36232687129

COCOAPODS: 1.2.0.beta.3
